
Microsoft Visual Studio Solution File, Format Version 12.00
# Visual Studio Version 17
VisualStudioVersion = 17.4.33205.214
MinimumVisualStudioVersion = 10.0.40219.1
Project("{FAE04EC0-301F-11D3-BF4B-00C04F79EFBC}") = "ValiWebsite", "ValiWebsite\ValiWebsite.csproj", "{126A3DE6-04C9-445F-A4C8-7B8E383F6C14}"
EndProject
Global
	GlobalSection(SolutionConfigurationPlatforms) = preSolution
		Debug|Any CPU = Debug|Any CPU
		Release|Any CPU = Release|Any CPU
	EndGlobalSection
	GlobalSection(ProjectConfigurationPlatforms) = postSolution
		{126A3DE6-04C9-445F-A4C8-7B8E383F6C14}.Debug|Any CPU.ActiveCfg = Debug|Any CPU
		{126A3DE6-04C9-445F-A4C8-7B8E383F6C14}.Debug|Any CPU.Build.0 = Debug|Any CPU
		{126A3DE6-04C9-445F-A4C8-7B8E383F6C14}.Release|Any CPU.ActiveCfg = Release|Any CPU
		{126A3DE6-04C9-445F-A4C8-7B8E383F6C14}.Release|Any CPU.Build.0 = Release|Any CPU
	EndGlobalSection
	GlobalSection(SolutionProperties) = preSolution
		HideSolutionNode = FALSE
	EndGlobalSection
	GlobalSection(ExtensibilityGlobals) = postSolution
		SolutionGuid = {6968F6AD-88DB-4169-85FE-A630F38B4ED5}
	EndGlobalSection
EndGlobal
